// !$*UTF8*$!
{
	archiveVersion = 1;
	classes = {
	};
	objectVersion = 46;
	objects = {

/* Begin PBXBuildFile section */
		CEC48CDD1AC3E37200E8E8D2 /* main.cpp in Sources */ = {isa = PBXBuildFile; fileRef = CEC48CDC1AC3E37200E8E8D2 /* main.cpp */; };
/* End PBXBuildFile section */

/* Begin PBXCopyFilesBuildPhase section */
		CEC48CD71AC3E37200E8E8D2 /* CopyFiles */ = {
			isa = PBXCopyFilesBuildPhase;
			buildActionMask = 2147483647;
			dstPath = /usr/share/man/man1/;
			dstSubfolderSpec = 0;
			files = (
			);
			runOnlyForDeploymentPostprocessing = 1;
		};
/* End PBXCopyFilesBuildPhase section */

/* Begin PBXFileReference section */
		CEC48CD91AC3E37200E8E8D2 /* XJSON */ = {isa = PBXFileReference; explicitFileType = "compiled.mach-o.executable"; includeInIndex = 0; path = XJSON; sourceTree = BUILT_PRODUCTS_DIR; };
		CEC48CDC1AC3E37200E8E8D2 /* main.cpp */ = {isa = PBXFileReference; lastKnownFileType = sourcecode.cpp.cpp; path = main.cpp; sourceTree = "<group>"; };
/* End PBXFileReference section */

/* Begin PBXFrameworksBuildPhase section */
		CEC48CD61AC3E37200E8E8D2 /* Frameworks */ = {
			isa = PBXFrameworksBuildPhase;
			buildActionMask = 2147483647;
			files = (
			);
			runOnlyForDeploymentPostprocessing = 0;
		};
/* End PBXFrameworksBuildPhase section */

/* Begin PBXGroup section */
		CEC48CD01AC3E37200E8E8D2 = {
			isa = PBXGroup;
			children = (
				CEC48CDB1AC3E37200E8E8D2 /* XJSON */,
				CEC48CDA1AC3E37200E8E8D2 /* Products */,
			);
			sourceTree = "<group>";
		};
		CEC48CDA1AC3E37200E8E8D2 /* Products */ = {
			isa = PBXGroup;
			children = (
				CEC48CD91AC3E37200E8E8D2 /* XJSON */,
			);
			name = Products;
			sourceTree = "<group>";
		};
		CEC48CDB1AC3E37200E8E8D2 /* XJSON */ = {
			isa = PBXGroup;
			children = (
				CEC48CDC1AC3E37200E8E8D2 /* main.cpp */,
			);
			path = XJSON;
			sourceTree = "<group>";
		};
/* End PBXGroup section */

/* Begin PBXNativeTarget section */
		CEC48CD81AC3E37200E8E8D2 /* XJSON */ = {
			isa = PBXNativeTarget;
			buildConfigurationList = CEC48CE01AC3E37200E8E8D2 /* Build configuration list for PBXNativeTarget "XJSON" */;
			buildPhases = (
				CEC48CD51AC3E37200E8E8D2 /* Sources */,
				CEC48CD61AC3E37200E8E8D2 /* Frameworks */,
				CEC48CD71AC3E37200E8E8D2 /* CopyFiles */,
			);
			buildRules = (
			);
			dependencies = (
			);
			name = XJSON;
			productName = XJSON;
			productReference = CEC48CD91AC3E37200E8E8D2 /* XJSON */;
			productType = "com.apple.product-type.tool";
		};
/* End PBXNativeTarget section */

/* Begin PBXProject section */
		CEC48CD11AC3E37200E8E8D2 /* Project object */ = {
			isa = PBXProject;
			attributes = {
				LastUpgradeCheck = 0620;
				ORGANIZATIONNAME = minjie;
				TargetAttributes = {
					CEC48CD81AC3E37200E8E8D2 = {
						CreatedOnToolsVersion = 6.2;
					};
				};
			};
			buildConfigurationList = CEC48CD41AC3E37200E8E8D2 /* Build configuration list for PBXProject "XJSON" */;
			compatibilityVersion = "Xcode 3.2";
			developmentRegion = English;
			hasScannedForEncodings = 0;
			knownRegions = (
				en,
			);
			mainGroup = CEC48CD01AC3E37200E8E8D2;
			productRefGroup = CEC48CDA1AC3E37200E8E8D2 /* Products */;
			projectDirPath = "";
			projectRoot = "";
			targets = (
				CEC48CD81AC3E37200E8E8D2 /* XJSON */,
			);
		};
/* End PBXProject section */

/* Begin PBXSourcesBuildPhase section */
		CEC48CD51AC3E37200E8E8D2 /* Sources */ = {
			isa = PBXSourcesBuildPhase;
			buildActionMask = 2147483647;
			files = (
				CEC48CDD1AC3E37200E8E8D2 /* main.cpp in Sources */,
			);
			runOnlyForDeploymentPostprocessing = 0;
		};
/* End PBXSourcesBuildPhase section */

/* Begin XCBuildConfiguration section */
		CEC48CDE1AC3E37200E8E8D2 /* Debug */ = {
			isa = XCBuildConfiguration;
			buildSettings = {
				ALWAYS_SEARCH_USER_PATHS = NO;
				CLANG_CXX_LANGUAGE_STANDARD = "gnu++0x";
				CLANG_CXX_LIBRARY = "libc++";
				CLANG_ENABLE_MODULES = YES;
				CLANG_ENABLE_OBJC_ARC = YES;
				CLANG_WARN_BOOL_CONVERSION = YES;
				CLANG_WARN_CONSTANT_CONVERSION = YES;
				CLANG_WARN_DIRECT_OBJC_ISA_USAGE = YES_ERROR;
				CLANG_WARN_EMPTY_BODY = YES;
				CLANG_WARN_ENUM_CONVERSION = YES;
				CLANG_WARN_INT_CONVERSION = YES;
				CLANG_WARN_OBJC_ROOT_CLASS = YES_ERROR;
				CLANG_WARN_UNREACHABLE_CODE = YES;
				CLANG_WARN__DUPLICATE_METHOD_MATCH = YES;
				COPY_PHASE_STRIP = NO;
				ENABLE_STRICT_OBJC_MSGSEND = YES;
				GCC_C_LANGUAGE_STANDARD = gnu99;
				GCC_DYNAMIC_NO_PIC = NO;
				GCC_OPTIMIZATION_LEVEL = 0;
				GCC_PREPROCESSOR_DEFINITIONS = (
					"DEBUG=1",
					"$(inherited)",
				);
				GCC_SYMBOLS_PRIVATE_EXTERN = NO;
				GCC_WARN_64_TO_32_BIT_CONVERSION = YES;
				GCC_WARN_ABOUT_RETURN_TYPE = YES_ERROR;
				GCC_WARN_UNDECLARED_SELECTOR = YES;
				GCC_WARN_UNINITIALIZED_AUTOS = YES_AGGRESSIVE;
				GCC_WARN_UNUSED_FUNCTION = YES;
				GCC_WARN_UNUSED_VARIABLE = YES;
				MACOSX_DEPLOYMENT_TARGET = 10.10;
				MTL_ENABLE_DEBUG_INFO = YES;
				ONLY_ACTIVE_ARCH = YES;
				SDKROOT = macosx;
			};
			name = Debug;
		};
		CEC48CDF1AC3E37200E8E8D2 /* Release */ = {
			isa = XCBuildConfiguration;
			buildSettings = {
				ALWAYS_SEARCH_USER_PATHS = NO;
				CLANG_CXX_LANGUAGE_STANDARD = "gnu++0x";
				CLANG_CXX_LIBRARY = "libc++";
				CLANG_ENABLE_MODULES = YES;
				CLANG_ENABLE_OBJC_ARC = YES;
				CLANG_WARN_BOOL_CONVERSION = YES;
				CLANG_WARN_CONSTANT_CONVERSION = YES;
				CLANG_WARN_DIRECT_OBJC_ISA_USAGE = YES_ERROR;
				CLANG_WARN_EMPTY_BODY = YES;
				CLANG_WARN_ENUM_CONVERSION = YES;
				CLANG_WARN_INT_CONVERSION = YES;
				CLANG_WARN_OBJC_ROOT_CLASS = YES_ERROR;
				CLANG_WARN_UNREACHABLE_CODE = YES;
				CLANG_WARN__DUPLICATE_METHOD_MATCH = YES;
				COPY_PHASE_STRIP = NO;
				DEBUG_INFORMATION_FORMAT = "dwarf-with-dsym";
				ENABLE_NS_ASSERTIONS = NO;
				ENABLE_STRICT_OBJC_MSGSEND = YES;
				GCC_C_LANGUAGE_STANDARD = gnu99;
				GCC_WARN_64_TO_32_BIT_CONVERSION = YES;
				GCC_WARN_ABOUT_RETURN_TYPE = YES_ERROR;
				GCC_WARN_UNDECLARED_SELECTOR = YES;
				GCC_WARN_UNINITIALIZED_AUTOS = YES_AGGRESSIVE;
				GCC_WARN_UNUSED_FUNCTION = YES;
				GCC_WARN_UNUSED_VARIABLE = YES;
				MACOSX_DEPLOYMENT_TARGET = 10.10;
				MTL_ENABLE_DEBUG_INFO = NO;
				SDKROOT = macosx;
			};
			name = Release;
		};
		CEC48CE11AC3E37200E8E8D2 /* Debug */ = {
			isa = XCBuildConfiguration;
			buildSettings = {
				PRODUCT_NAME = "$(TARGET_NAME)";
			};
			name = Debug;
		};
		CEC48CE21AC3E37200E8E8D2 /* Release */ = {
			isa = XCBuildConfiguration;
			buildSettings = {
				PRODUCT_NAME = "$(TARGET_NAME)";
			};
			name = Release;
		};
/* End XCBuildConfiguration section */

/* Begin XCConfigurationList section */
		CEC48CD41AC3E37200E8E8D2 /* Build configuration list for PBXProject "XJSON" */ = {
			isa = XCConfigurationList;
			buildConfigurations = (
				CEC48CDE1AC3E37200E8E8D2 /* Debug */,
				CEC48CDF1AC3E37200E8E8D2 /* Release */,
			);
			defaultConfigurationIsVisible = 0;
			defaultConfigurationName = Release;
		};
		CEC48CE01AC3E37200E8E8D2 /* Build configuration list for PBXNativeTarget "XJSON" */ = {
			isa = XCConfigurationList;
			buildConfigurations = (
				CEC48CE11AC3E37200E8E8D2 /* Debug */,
				CEC48CE21AC3E37200E8E8D2 /* Release */,
			);
			defaultConfigurationIsVisible = 0;
		};
/* End XCConfigurationList section */
	};
	rootObject = CEC48CD11AC3E37200E8E8D2 /* Project object */;
}
